# This file is generated by running "yarn install" inside your project.
# Manual changes might be lost - proceed with caution!

__metadata:
  version: 6
  cacheKey: 8

"betterdiscover@workspace:.":
  version: 0.0.0-use.local
  resolution: "betterdiscover@workspace:."
  dependencies:
    bun-types: ^0.1.0
  languageName: unknown
  linkType: soft

"bun-types@npm:^0.1.0":
  version: 0.1.8
  resolution: "bun-types@npm:0.1.8"
  checksum: 2970789ab4df87a54286649402c520cb64c510e335829b0984b14892ba6b9920d7de0d9dd07c89507757e35182a71bfad826fa6ddf4c7a1447de4066d8a10098
  languageName: node
  linkType: hard
